
Microsoft Visual Studio Solution File, Format Version 12.00
# Visual Studio 15
VisualStudioVersion = 15.0.27004.2002
MinimumVisualStudioVersion = 10.0.40219.1
Project("{FAE04EC0-301F-11D3-BF4B-00C04F79EFBC}") = "WpfApp3", "WpfApp3\WpfApp3.csproj", "{F815E5EF-5F35-4969-85FA-58C8ECBDC1FD}"
EndProject
Global
	GlobalSection(SolutionConfigurationPlatforms) = preSolution
		Debug|Any CPU = Debug|Any CPU
		Release|Any CPU = Release|Any CPU
	EndGlobalSection
	GlobalSection(ProjectConfigurationPlatforms) = postSolution
		{F815E5EF-5F35-4969-85FA-58C8ECBDC1FD}.Debug|Any CPU.ActiveCfg = Debug|Any CPU
		{F815E5EF-5F35-4969-85FA-58C8ECBDC1FD}.Debug|Any CPU.Build.0 = Debug|Any CPU
		{F815E5EF-5F35-4969-85FA-58C8ECBDC1FD}.Release|Any CPU.ActiveCfg = Release|Any CPU
		{F815E5EF-5F35-4969-85FA-58C8ECBDC1FD}.Release|Any CPU.Build.0 = Release|Any CPU
	EndGlobalSection
	GlobalSection(SolutionProperties) = preSolution
		HideSolutionNode = FALSE
	EndGlobalSection
	GlobalSection(ExtensibilityGlobals) = postSolution
		SolutionGuid = {51901C70-EA51-4ED4-80EF-97CD48A8F61B}
	EndGlobalSection
EndGlobal
